# This file is autogenerated, do not edit; changes may be undone by the next 'dep ensure'.


[[projects]]
  digest = "1:9f3b30d9f8e0d7040f729b82dcbc8f0dead820a133b3147ce355fc451f32d761"
  name = "github.com/BurntSushi/toml"
  packages = ["."]
  pruneopts = "UT"
  revision = "3012a1dbe2e4bd1391d42b32f0577cb7bbc7f005"
  version = "v0.3.1"

[[projects]]
  digest = "1:b520b55fc1146c5b0eea03b07233f7a3d4a9be985c037c91ea6b82ecb81bd521"
  name = "github.com/bitly/go-simplejson"
  packages = ["."]
  pruneopts = "UT"
  revision = "aabad6e819789e569bd6aabf444c935aa9ba1e44"
  version = "v0.5.0"

[[projects]]
  branch = "master"
  digest = "1:525ac3364813b4688df380594e562133e07830dfce0722effda64b37634c13d0"
  name = "github.com/streadway/amqp"
  packages = ["."]
  pruneopts = "UT"
  revision = "a314942b2fd9dde7a3f70ba3f1062848ce6eb392"

[solve-meta]
  analyzer-name = "dep"
  analyzer-version = 1
  input-imports = [
    "github.com/BurntSushi/toml",
    "github.com/bitly/go-simplejson",
    "github.com/streadway/amqp",
  ]
  solver-name = "gps-cdcl"
  solver-version = 1
